
Microsoft Visual Studio Solution File, Format Version 12.00
# Visual Studio Version 16
VisualStudioVersion = 16.0.31025.194
MinimumVisualStudioVersion = 10.0.40219.1
Project("{9A19103F-16F7-4668-BE54-9A1E7A4F7556}") = "VogCodeChallenge.API", "VogCodeChallenge.API\VogCodeChallenge.API.csproj", "{F3F4A083-CD1B-4845-91F9-05206D7A2883}"
EndProject
Project("{E53339B2-1760-4266-BCC7-CA923CBCF16C}") = "docker-compose", "docker-compose.dcproj", "{F7CEC26D-1205-4702-AB32-E449A4D931CD}"
EndProject
Project("{9A19103F-16F7-4668-BE54-9A1E7A4F7556}") = "VogCodeConsole", "VogCodeConsole\VogCodeConsole.csproj", "{EE81756F-6F7C-4D92-8A1A-7A7D34A27A5F}"
EndProject
Project("{9A19103F-16F7-4668-BE54-9A1E7A4F7556}") = "VogCodeAWSLambda", "..\VogCodeAWSLambda\VogCodeAWSLambda.csproj", "{4764CBF8-A751-49C0-A2F1-E27F63AE38DE}"
EndProject
Global
	GlobalSection(SolutionConfigurationPlatforms) = preSolution
		Debug|Any CPU = Debug|Any CPU
		Release|Any CPU = Release|Any CPU
	EndGlobalSection
	GlobalSection(ProjectConfigurationPlatforms) = postSolution
		{F3F4A083-CD1B-4845-91F9-05206D7A2883}.Debug|Any CPU.ActiveCfg = Debug|Any CPU
		{F3F4A083-CD1B-4845-91F9-05206D7A2883}.Debug|Any CPU.Build.0 = Debug|Any CPU
		{F3F4A083-CD1B-4845-91F9-05206D7A2883}.Release|Any CPU.ActiveCfg = Release|Any CPU
		{F3F4A083-CD1B-4845-91F9-05206D7A2883}.Release|Any CPU.Build.0 = Release|Any CPU
		{F7CEC26D-1205-4702-AB32-E449A4D931CD}.Debug|Any CPU.ActiveCfg = Debug|Any CPU
		{F7CEC26D-1205-4702-AB32-E449A4D931CD}.Debug|Any CPU.Build.0 = Debug|Any CPU
		{F7CEC26D-1205-4702-AB32-E449A4D931CD}.Release|Any CPU.ActiveCfg = Release|Any CPU
		{F7CEC26D-1205-4702-AB32-E449A4D931CD}.Release|Any CPU.Build.0 = Release|Any CPU
		{EE81756F-6F7C-4D92-8A1A-7A7D34A27A5F}.Debug|Any CPU.ActiveCfg = Debug|Any CPU
		{EE81756F-6F7C-4D92-8A1A-7A7D34A27A5F}.Debug|Any CPU.Build.0 = Debug|Any CPU
		{EE81756F-6F7C-4D92-8A1A-7A7D34A27A5F}.Release|Any CPU.ActiveCfg = Release|Any CPU
		{EE81756F-6F7C-4D92-8A1A-7A7D34A27A5F}.Release|Any CPU.Build.0 = Release|Any CPU
		{4764CBF8-A751-49C0-A2F1-E27F63AE38DE}.Debug|Any CPU.ActiveCfg = Debug|Any CPU
		{4764CBF8-A751-49C0-A2F1-E27F63AE38DE}.Debug|Any CPU.Build.0 = Debug|Any CPU
		{4764CBF8-A751-49C0-A2F1-E27F63AE38DE}.Release|Any CPU.ActiveCfg = Release|Any CPU
		{4764CBF8-A751-49C0-A2F1-E27F63AE38DE}.Release|Any CPU.Build.0 = Release|Any CPU
	EndGlobalSection
	GlobalSection(SolutionProperties) = preSolution
		HideSolutionNode = FALSE
	EndGlobalSection
	GlobalSection(ExtensibilityGlobals) = postSolution
		SolutionGuid = {CD85A65C-941E-4674-9340-26CAE26DA2FC}
	EndGlobalSection
EndGlobal
